
Microsoft Visual Studio Solution File, Format Version 12.00
# Visual Studio 2013
VisualStudioVersion = 12.0.21005.1
MinimumVisualStudioVersion = 10.0.40219.1
Project("{2150E333-8FDC-42A3-9474-1A3956D46DE8}") = "View", "View", "{D3EC2AF0-B3FE-41C4-8748-972A7568CE5F}"
EndProject
Project("{2150E333-8FDC-42A3-9474-1A3956D46DE8}") = "Silverlight", "Silverlight", "{526CA534-2308-4EAE-AEBF-524CD86BC3ED}"
EndProject
Project("{FAE04EC0-301F-11D3-BF4B-00C04F79EFBC}") = "HLP.Magnificus.View.Web", "View\Silverlight\HLP.Magnificus.View.Web\HLP.Magnificus.View.Web\HLP.Magnificus.View.Web\HLP.Magnificus.View.Web.csproj", "{CF796C34-F25A-439D-9619-44B73F1F39C2}"
EndProject
Project("{FAE04EC0-301F-11D3-BF4B-00C04F79EFBC}") = "HLP.Magnificus.View.Web.Web", "View\Silverlight\HLP.Magnificus.View.Web\HLP.Magnificus.View.Web\HLP.Magnificus.View.Web.Web\HLP.Magnificus.View.Web.Web.csproj", "{6CD9E94C-BA76-4D10-A546-0B5F70F6EAA6}"
EndProject
Project("{2150E333-8FDC-42A3-9474-1A3956D46DE8}") = "Comum", "Comum", "{E5383705-E9B5-4306-BFC6-9A56F35D8D4D}"
EndProject
Project("{FAE04EC0-301F-11D3-BF4B-00C04F79EFBC}") = "HLP.Comum.Infrastructure", "Comum\HLP.Comum.Infrastructure\HLP.Comum.Infrastructure.csproj", "{4E9398E3-D931-4C86-AFD4-F5EB55641533}"
EndProject
Project("{FAE04EC0-301F-11D3-BF4B-00C04F79EFBC}") = "HLP.Comum.Model", "Comum\HLP.Comum.Model\HLP.Comum.Model.csproj", "{7283E185-2F4C-40B8-9284-E5E45497B0A2}"
EndProject
Project("{FAE04EC0-301F-11D3-BF4B-00C04F79EFBC}") = "HLP.Comum.Resources", "Comum\HLP.Comum.Resources\HLP.Comum.Resources.csproj", "{A279875C-5F66-48D0-92BF-9133A7E7E443}"
EndProject
Project("{2150E333-8FDC-42A3-9474-1A3956D46DE8}") = "Dependencies", "Dependencies", "{B9338DFF-BCCA-4021-92EE-FA193FD41630}"
EndProject
Project("{FAE04EC0-301F-11D3-BF4B-00C04F79EFBC}") = "HLP.Dependencies", "Dependencies\HLP.Dependencies\HLP.Dependencies.csproj", "{460A03AC-934B-4B9B-A56D-95A8A5551718}"
EndProject
Project("{2150E333-8FDC-42A3-9474-1A3956D46DE8}") = "Models", "Models", "{5A1130F6-21B0-4A30-B962-95E1C958FCBC}"
EndProject
Project("{FAE04EC0-301F-11D3-BF4B-00C04F79EFBC}") = "HLP.Entries.Model", "Models\HLP.Entries.Model\HLP.Entries.Model.csproj", "{C423AE90-29B0-4F62-B26D-2E1E78CB06F8}"
EndProject
Project("{2150E333-8FDC-42A3-9474-1A3956D46DE8}") = "Wcf", "Wcf", "{1CDFC4C0-0188-456C-ADA0-72BF0E6703D9}"
EndProject
Project("{FAE04EC0-301F-11D3-BF4B-00C04F79EFBC}") = "HLP.Wcf.Entries", "Wcf\HLP.Wcf.Entries\HLP.Wcf.Entries.csproj", "{C1180862-6A5E-480E-B595-2F7FA3707413}"
EndProject
Project("{2150E333-8FDC-42A3-9474-1A3956D46DE8}") = "ViewModel", "ViewModel", "{67BCF145-704E-4DAB-A0F8-FAD8085A4EEB}"
EndProject
Project("{FAE04EC0-301F-11D3-BF4B-00C04F79EFBC}") = "HLP.Entries.ViewModel", "HLP.Entries.ViewModel\HLP.Entries.ViewModel.csproj", "{8F9226E5-952A-4786-A811-D053B2A047FF}"
EndProject
Project("{FAE04EC0-301F-11D3-BF4B-00C04F79EFBC}") = "HLP.Comum.ViewModel", "HLP.Comum.ViewModel\HLP.Comum.ViewModel.csproj", "{206B6558-3E34-4596-99E0-6FCAB610D6B6}"
EndProject
Project("{FAE04EC0-301F-11D3-BF4B-00C04F79EFBC}") = "HLP.Comum.Viewcs", "HLP.Comum.Viewcs\HLP.Comum.Viewcs.csproj", "{823A65B0-6967-4DA1-BF6E-E00C4EDA4E8C}"
EndProject
Global
	GlobalSection(SolutionConfigurationPlatforms) = preSolution
		Debug|Any CPU = Debug|Any CPU
		Release|Any CPU = Release|Any CPU
	EndGlobalSection
	GlobalSection(ProjectConfigurationPlatforms) = postSolution
		{CF796C34-F25A-439D-9619-44B73F1F39C2}.Debug|Any CPU.ActiveCfg = Debug|Any CPU
		{CF796C34-F25A-439D-9619-44B73F1F39C2}.Debug|Any CPU.Build.0 = Debug|Any CPU
		{CF796C34-F25A-439D-9619-44B73F1F39C2}.Release|Any CPU.ActiveCfg = Release|Any CPU
		{CF796C34-F25A-439D-9619-44B73F1F39C2}.Release|Any CPU.Build.0 = Release|Any CPU
		{6CD9E94C-BA76-4D10-A546-0B5F70F6EAA6}.Debug|Any CPU.ActiveCfg = Debug|Any CPU
		{6CD9E94C-BA76-4D10-A546-0B5F70F6EAA6}.Debug|Any CPU.Build.0 = Debug|Any CPU
		{6CD9E94C-BA76-4D10-A546-0B5F70F6EAA6}.Release|Any CPU.ActiveCfg = Release|Any CPU
		{6CD9E94C-BA76-4D10-A546-0B5F70F6EAA6}.Release|Any CPU.Build.0 = Release|Any CPU
		{4E9398E3-D931-4C86-AFD4-F5EB55641533}.Debug|Any CPU.ActiveCfg = Debug|Any CPU
		{4E9398E3-D931-4C86-AFD4-F5EB55641533}.Debug|Any CPU.Build.0 = Debug|Any CPU
		{4E9398E3-D931-4C86-AFD4-F5EB55641533}.Release|Any CPU.ActiveCfg = Release|Any CPU
		{4E9398E3-D931-4C86-AFD4-F5EB55641533}.Release|Any CPU.Build.0 = Release|Any CPU
		{7283E185-2F4C-40B8-9284-E5E45497B0A2}.Debug|Any CPU.ActiveCfg = Debug|Any CPU
		{7283E185-2F4C-40B8-9284-E5E45497B0A2}.Debug|Any CPU.Build.0 = Debug|Any CPU
		{7283E185-2F4C-40B8-9284-E5E45497B0A2}.Release|Any CPU.ActiveCfg = Release|Any CPU
		{7283E185-2F4C-40B8-9284-E5E45497B0A2}.Release|Any CPU.Build.0 = Release|Any CPU
		{A279875C-5F66-48D0-92BF-9133A7E7E443}.Debug|Any CPU.ActiveCfg = Debug|Any CPU
		{A279875C-5F66-48D0-92BF-9133A7E7E443}.Debug|Any CPU.Build.0 = Debug|Any CPU
		{A279875C-5F66-48D0-92BF-9133A7E7E443}.Release|Any CPU.ActiveCfg = Release|Any CPU
		{A279875C-5F66-48D0-92BF-9133A7E7E443}.Release|Any CPU.Build.0 = Release|Any CPU
		{460A03AC-934B-4B9B-A56D-95A8A5551718}.Debug|Any CPU.ActiveCfg = Debug|Any CPU
		{460A03AC-934B-4B9B-A56D-95A8A5551718}.Debug|Any CPU.Build.0 = Debug|Any CPU
		{460A03AC-934B-4B9B-A56D-95A8A5551718}.Release|Any CPU.ActiveCfg = Release|Any CPU
		{460A03AC-934B-4B9B-A56D-95A8A5551718}.Release|Any CPU.Build.0 = Release|Any CPU
		{C423AE90-29B0-4F62-B26D-2E1E78CB06F8}.Debug|Any CPU.ActiveCfg = Debug|Any CPU
		{C423AE90-29B0-4F62-B26D-2E1E78CB06F8}.Debug|Any CPU.Build.0 = Debug|Any CPU
		{C423AE90-29B0-4F62-B26D-2E1E78CB06F8}.Release|Any CPU.ActiveCfg = Release|Any CPU
		{C423AE90-29B0-4F62-B26D-2E1E78CB06F8}.Release|Any CPU.Build.0 = Release|Any CPU
		{C1180862-6A5E-480E-B595-2F7FA3707413}.Debug|Any CPU.ActiveCfg = Debug|Any CPU
		{C1180862-6A5E-480E-B595-2F7FA3707413}.Debug|Any CPU.Build.0 = Debug|Any CPU
		{C1180862-6A5E-480E-B595-2F7FA3707413}.Release|Any CPU.ActiveCfg = Release|Any CPU
		{C1180862-6A5E-480E-B595-2F7FA3707413}.Release|Any CPU.Build.0 = Release|Any CPU
		{8F9226E5-952A-4786-A811-D053B2A047FF}.Debug|Any CPU.ActiveCfg = Debug|Any CPU
		{8F9226E5-952A-4786-A811-D053B2A047FF}.Debug|Any CPU.Build.0 = Debug|Any CPU
		{8F9226E5-952A-4786-A811-D053B2A047FF}.Release|Any CPU.ActiveCfg = Release|Any CPU
		{8F9226E5-952A-4786-A811-D053B2A047FF}.Release|Any CPU.Build.0 = Release|Any CPU
		{206B6558-3E34-4596-99E0-6FCAB610D6B6}.Debug|Any CPU.ActiveCfg = Debug|Any CPU
		{206B6558-3E34-4596-99E0-6FCAB610D6B6}.Debug|Any CPU.Build.0 = Debug|Any CPU
		{206B6558-3E34-4596-99E0-6FCAB610D6B6}.Release|Any CPU.ActiveCfg = Release|Any CPU
		{206B6558-3E34-4596-99E0-6FCAB610D6B6}.Release|Any CPU.Build.0 = Release|Any CPU
		{823A65B0-6967-4DA1-BF6E-E00C4EDA4E8C}.Debug|Any CPU.ActiveCfg = Debug|Any CPU
		{823A65B0-6967-4DA1-BF6E-E00C4EDA4E8C}.Debug|Any CPU.Build.0 = Debug|Any CPU
		{823A65B0-6967-4DA1-BF6E-E00C4EDA4E8C}.Release|Any CPU.ActiveCfg = Release|Any CPU
		{823A65B0-6967-4DA1-BF6E-E00C4EDA4E8C}.Release|Any CPU.Build.0 = Release|Any CPU
	EndGlobalSection
	GlobalSection(SolutionProperties) = preSolution
		HideSolutionNode = FALSE
	EndGlobalSection
	GlobalSection(NestedProjects) = preSolution
		{526CA534-2308-4EAE-AEBF-524CD86BC3ED} = {D3EC2AF0-B3FE-41C4-8748-972A7568CE5F}
		{CF796C34-F25A-439D-9619-44B73F1F39C2} = {526CA534-2308-4EAE-AEBF-524CD86BC3ED}
		{6CD9E94C-BA76-4D10-A546-0B5F70F6EAA6} = {526CA534-2308-4EAE-AEBF-524CD86BC3ED}
		{4E9398E3-D931-4C86-AFD4-F5EB55641533} = {E5383705-E9B5-4306-BFC6-9A56F35D8D4D}
		{7283E185-2F4C-40B8-9284-E5E45497B0A2} = {E5383705-E9B5-4306-BFC6-9A56F35D8D4D}
		{A279875C-5F66-48D0-92BF-9133A7E7E443} = {E5383705-E9B5-4306-BFC6-9A56F35D8D4D}
		{206B6558-3E34-4596-99E0-6FCAB610D6B6} = {E5383705-E9B5-4306-BFC6-9A56F35D8D4D}
		{823A65B0-6967-4DA1-BF6E-E00C4EDA4E8C} = {E5383705-E9B5-4306-BFC6-9A56F35D8D4D}
		{460A03AC-934B-4B9B-A56D-95A8A5551718} = {B9338DFF-BCCA-4021-92EE-FA193FD41630}
		{C423AE90-29B0-4F62-B26D-2E1E78CB06F8} = {5A1130F6-21B0-4A30-B962-95E1C958FCBC}
		{C1180862-6A5E-480E-B595-2F7FA3707413} = {1CDFC4C0-0188-456C-ADA0-72BF0E6703D9}
		{8F9226E5-952A-4786-A811-D053B2A047FF} = {67BCF145-704E-4DAB-A0F8-FAD8085A4EEB}
	EndGlobalSection
EndGlobal
